
Microsoft Visual Studio Solution File, Format Version 12.00
# Visual Studio Version 17
VisualStudioVersion = 17.12.35514.174 d17.12
MinimumVisualStudioVersion = 10.0.40219.1
Project("{FAE04EC0-301F-11D3-BF4B-00C04F79EFBC}") = "Monogame 5.5 - Particle Effects", "Monogame 5.5 - Particle Effects.csproj", "{28AC5739-250C-4332-9F49-05C7E2FAE568}"
EndProject
Global
	GlobalSection(SolutionConfigurationPlatforms) = preSolution
		Debug|Any CPU = Debug|Any CPU
		Release|Any CPU = Release|Any CPU
	EndGlobalSection
	GlobalSection(ProjectConfigurationPlatforms) = postSolution
		{28AC5739-250C-4332-9F49-05C7E2FAE568}.Debug|Any CPU.ActiveCfg = Debug|Any CPU
		{28AC5739-250C-4332-9F49-05C7E2FAE568}.Debug|Any CPU.Build.0 = Debug|Any CPU
		{28AC5739-250C-4332-9F49-05C7E2FAE568}.Release|Any CPU.ActiveCfg = Release|Any CPU
		{28AC5739-250C-4332-9F49-05C7E2FAE568}.Release|Any CPU.Build.0 = Release|Any CPU
	EndGlobalSection
	GlobalSection(SolutionProperties) = preSolution
		HideSolutionNode = FALSE
	EndGlobalSection
EndGlobal
